
Microsoft Visual Studio Solution File, Format Version 12.00
# Visual Studio Version 16
VisualStudioVersion = 16.0.29613.14
MinimumVisualStudioVersion = 10.0.40219.1
Project("{8BC9CEB8-8B4A-11D0-8D11-00A0C91BC942}") = "Laboratory8", "Laboratory8.vcxproj", "{3A072FF0-9C72-425F-A255-D7437555C77E}"
EndProject
Global
	GlobalSection(SolutionConfigurationPlatforms) = preSolution
		Debug|x64 = Debug|x64
		Debug|x86 = Debug|x86
		Release|x64 = Release|x64
		Release|x86 = Release|x86
	EndGlobalSection
	GlobalSection(ProjectConfigurationPlatforms) = postSolution
		{3A072FF0-9C72-425F-A255-D7437555C77E}.Debug|x64.ActiveCfg = Debug|x64
		{3A072FF0-9C72-425F-A255-D7437555C77E}.Debug|x64.Build.0 = Debug|x64
		{3A072FF0-9C72-425F-A255-D7437555C77E}.Debug|x86.ActiveCfg = Debug|Win32
		{3A072FF0-9C72-425F-A255-D7437555C77E}.Debug|x86.Build.0 = Debug|Win32
		{3A072FF0-9C72-425F-A255-D7437555C77E}.Release|x64.ActiveCfg = Release|x64
		{3A072FF0-9C72-425F-A255-D7437555C77E}.Release|x64.Build.0 = Release|x64
		{3A072FF0-9C72-425F-A255-D7437555C77E}.Release|x86.ActiveCfg = Release|Win32
		{3A072FF0-9C72-425F-A255-D7437555C77E}.Release|x86.Build.0 = Release|Win32
	EndGlobalSection
	GlobalSection(SolutionProperties) = preSolution
		HideSolutionNode = FALSE
	EndGlobalSection
	GlobalSection(ExtensibilityGlobals) = postSolution
		SolutionGuid = {236D64B0-5B92-4020-BFAF-B24D9A4CCB82}
	EndGlobalSection
EndGlobal
